Microsoft Visual Studio Solution File, Format Version 12.00
# Visual Studio Version 17
VisualStudioVersion = 17.9.34723.18
MinimumVisualStudioVersion = 10.0.40219.1
Project("{FAE04EC0-301F-11D3-BF4B-00C04F79EFBC}") = "WhatsappMessageSender", "WhatsappMessageSender\WhatsappMessageSender.csproj", "{A01AE4A0-A88A-4C0F-A64C-55A555F7064C}"
EndProject
Project("{FAE04EC0-301F-11D3-BF4B-00C04F79EFBC}") = "WhatsappMessageSender.Tests", "WhatsappMessageSender.Tests\WhatsappMessageSender.Tests.csproj", "{2672A488-26FF-42FE-8050-77821D38D8B1}"
EndProject
Global
	GlobalSection(SolutionConfigurationPlatforms) = preSolution
		Debug|Any CPU = Debug|Any CPU
		Debug|x64 = Debug|x64
		Debug|x86 = Debug|x86
		Release|Any CPU = Release|Any CPU
		Release|x64 = Release|x64
		Release|x86 = Release|x86
	EndGlobalSection
	GlobalSection(ProjectConfigurationPlatforms) = postSolution
		{A01AE4A0-A88A-4C0F-A64C-55A555F7064C}.Debug|Any CPU.ActiveCfg = Debug|Any CPU
		{A01AE4A0-A88A-4C0F-A64C-55A555F7064C}.Debug|Any CPU.Build.0 = Debug|Any CPU
		{A01AE4A0-A88A-4C0F-A64C-55A555F7064C}.Debug|x64.ActiveCfg = Debug|Any CPU
		{A01AE4A0-A88A-4C0F-A64C-55A555F7064C}.Debug|x64.Build.0 = Debug|Any CPU
		{A01AE4A0-A88A-4C0F-A64C-55A555F7064C}.Debug|x86.ActiveCfg = Debug|Any CPU
		{A01AE4A0-A88A-4C0F-A64C-55A555F7064C}.Debug|x86.Build.0 = Debug|Any CPU
		{A01AE4A0-A88A-4C0F-A64C-55A555F7064C}.Release|Any CPU.ActiveCfg = Release|Any CPU
		{A01AE4A0-A88A-4C0F-A64C-55A555F7064C}.Release|Any CPU.Build.0 = Release|Any CPU
		{A01AE4A0-A88A-4C0F-A64C-55A555F7064C}.Release|x64.ActiveCfg = Release|Any CPU
		{A01AE4A0-A88A-4C0F-A64C-55A555F7064C}.Release|x64.Build.0 = Release|Any CPU
		{A01AE4A0-A88A-4C0F-A64C-55A555F7064C}.Release|x86.ActiveCfg = Release|Any CPU
		{A01AE4A0-A88A-4C0F-A64C-55A555F7064C}.Release|x86.Build.0 = Release|Any CPU
		{2672A488-26FF-42FE-8050-77821D38D8B1}.Debug|Any CPU.ActiveCfg = Debug|Any CPU
		{2672A488-26FF-42FE-8050-77821D38D8B1}.Debug|Any CPU.Build.0 = Debug|Any CPU
		{2672A488-26FF-42FE-8050-77821D38D8B1}.Debug|x64.ActiveCfg = Debug|Any CPU
		{2672A488-26FF-42FE-8050-77821D38D8B1}.Debug|x64.Build.0 = Debug|Any CPU
		{2672A488-26FF-42FE-8050-77821D38D8B1}.Debug|x86.ActiveCfg = Debug|Any CPU
		{2672A488-26FF-42FE-8050-77821D38D8B1}.Debug|x86.Build.0 = Debug|Any CPU
		{2672A488-26FF-42FE-8050-77821D38D8B1}.Release|Any CPU.ActiveCfg = Release|Any CPU
		{2672A488-26FF-42FE-8050-77821D38D8B1}.Release|Any CPU.Build.0 = Release|Any CPU
		{2672A488-26FF-42FE-8050-77821D38D8B1}.Release|x64.ActiveCfg = Release|Any CPU
		{2672A488-26FF-42FE-8050-77821D38D8B1}.Release|x64.Build.0 = Release|Any CPU
		{2672A488-26FF-42FE-8050-77821D38D8B1}.Release|x86.ActiveCfg = Release|Any CPU
		{2672A488-26FF-42FE-8050-77821D38D8B1}.Release|x86.Build.0 = Release|Any CPU
	EndGlobalSection
	GlobalSection(SolutionProperties) = preSolution
		HideSolutionNode = FALSE
	EndGlobalSection
	GlobalSection(ExtensibilityGlobals) = postSolution
		SolutionGuid = {642C6A18-0457-422A-9E5E-1F520B2D3EC0}
	EndGlobalSection
EndGlobal
